
Microsoft Visual Studio Solution File, Format Version 12.00
# Visual Studio 2013
VisualStudioVersion = 12.0.31101.0
MinimumVisualStudioVersion = 10.0.40219.1
Project("{FAE04EC0-301F-11D3-BF4B-00C04F79EFBC}") = "Darts", "Darts.Domain\Darts.csproj", "{77014B9E-EDB8-4267-BF81-04E2946A86F6}"
EndProject
Project("{FAE04EC0-301F-11D3-BF4B-00C04F79EFBC}") = "Darts.Tests", "Darts.Tests\Darts.Tests.csproj", "{75C2BAE5-2783-4A88-A721-7A480C4BACC2}"
EndProject
Project("{FAE04EC0-301F-11D3-BF4B-00C04F79EFBC}") = "Darts.App", "Darts.App\Darts.App.csproj", "{ED3D9C17-3CEE-41BB-9270-E859752FE88E}"
EndProject
Global
	GlobalSection(SolutionConfigurationPlatforms) = preSolution
		Debug|Any CPU = Debug|Any CPU
		Release|Any CPU = Release|Any CPU
	EndGlobalSection
	GlobalSection(ProjectConfigurationPlatforms) = postSolution
		{77014B9E-EDB8-4267-BF81-04E2946A86F6}.Debug|Any CPU.ActiveCfg = Debug|Any CPU
		{77014B9E-EDB8-4267-BF81-04E2946A86F6}.Debug|Any CPU.Build.0 = Debug|Any CPU
		{77014B9E-EDB8-4267-BF81-04E2946A86F6}.Release|Any CPU.ActiveCfg = Release|Any CPU
		{77014B9E-EDB8-4267-BF81-04E2946A86F6}.Release|Any CPU.Build.0 = Release|Any CPU
		{75C2BAE5-2783-4A88-A721-7A480C4BACC2}.Debug|Any CPU.ActiveCfg = Debug|Any CPU
		{75C2BAE5-2783-4A88-A721-7A480C4BACC2}.Debug|Any CPU.Build.0 = Debug|Any CPU
		{75C2BAE5-2783-4A88-A721-7A480C4BACC2}.Release|Any CPU.ActiveCfg = Release|Any CPU
		{75C2BAE5-2783-4A88-A721-7A480C4BACC2}.Release|Any CPU.Build.0 = Release|Any CPU
		{ED3D9C17-3CEE-41BB-9270-E859752FE88E}.Debug|Any CPU.ActiveCfg = Debug|Any CPU
		{ED3D9C17-3CEE-41BB-9270-E859752FE88E}.Debug|Any CPU.Build.0 = Debug|Any CPU
		{ED3D9C17-3CEE-41BB-9270-E859752FE88E}.Release|Any CPU.ActiveCfg = Release|Any CPU
		{ED3D9C17-3CEE-41BB-9270-E859752FE88E}.Release|Any CPU.Build.0 = Release|Any CPU
	EndGlobalSection
	GlobalSection(SolutionProperties) = preSolution
		HideSolutionNode = FALSE
	EndGlobalSection
EndGlobal
